
Microsoft Visual Studio Solution File, Format Version 12.00
# Visual Studio Version 16
VisualStudioVersion = 16.0.33423.256
MinimumVisualStudioVersion = 10.0.40219.1
Project("{F14B399A-7131-4C87-9E4B-1186C45EF12D}") = "WideWorldImporters_Report_Project", "WideWorldImporters_Report_Project\WideWorldImporters_Report_Project.rptproj", "{602DE298-8F1C-4345-8CD5-A648C56C0A5A}"
EndProject
Global
	GlobalSection(SolutionConfigurationPlatforms) = preSolution
		Debug|Default = Debug|Default
		DebugLocal|Default = DebugLocal|Default
		Release|Default = Release|Default
	EndGlobalSection
	GlobalSection(ProjectConfigurationPlatforms) = postSolution
		{602DE298-8F1C-4345-8CD5-A648C56C0A5A}.Debug|Default.ActiveCfg = Debug
		{602DE298-8F1C-4345-8CD5-A648C56C0A5A}.Debug|Default.Build.0 = Debug
		{602DE298-8F1C-4345-8CD5-A648C56C0A5A}.Debug|Default.Deploy.0 = Debug
		{602DE298-8F1C-4345-8CD5-A648C56C0A5A}.DebugLocal|Default.ActiveCfg = DebugLocal
		{602DE298-8F1C-4345-8CD5-A648C56C0A5A}.DebugLocal|Default.Build.0 = DebugLocal
		{602DE298-8F1C-4345-8CD5-A648C56C0A5A}.Release|Default.ActiveCfg = Release
		{602DE298-8F1C-4345-8CD5-A648C56C0A5A}.Release|Default.Build.0 = Release
		{602DE298-8F1C-4345-8CD5-A648C56C0A5A}.Release|Default.Deploy.0 = Release
	EndGlobalSection
	GlobalSection(SolutionProperties) = preSolution
		HideSolutionNode = FALSE
	EndGlobalSection
	GlobalSection(ExtensibilityGlobals) = postSolution
		SolutionGuid = {C63E5311-B1BC-4A12-B0CB-C7EE16431550}
	EndGlobalSection
EndGlobal
